
Microsoft Visual Studio Solution File, Format Version 12.00
Project("{FAE04EC0-301F-11D3-BF4B-00C04F79EFBC}") = "NodeSerializer", "NodeSerializer\NodeSerializer.csproj", "{999767A3-0002-47C3-80F5-D3F8D9DBBDF7}"
EndProject
Project("{2150E333-8FDC-42A3-9474-1A3956D46DE8}") = "Solution Items", "Solution Items", "{038EE57C-D712-46D2-94A4-9DC79D154227}"
	ProjectSection(SolutionItems) = preProject
		.gitignore = .gitignore
	EndProjectSection
EndProject
Global
	GlobalSection(SolutionConfigurationPlatforms) = preSolution
		Debug|Any CPU = Debug|Any CPU
		Release|Any CPU = Release|Any CPU
	EndGlobalSection
	GlobalSection(ProjectConfigurationPlatforms) = postSolution
		{999767A3-0002-47C3-80F5-D3F8D9DBBDF7}.Debug|Any CPU.ActiveCfg = Debug|Any CPU
		{999767A3-0002-47C3-80F5-D3F8D9DBBDF7}.Debug|Any CPU.Build.0 = Debug|Any CPU
		{999767A3-0002-47C3-80F5-D3F8D9DBBDF7}.Release|Any CPU.ActiveCfg = Release|Any CPU
		{999767A3-0002-47C3-80F5-D3F8D9DBBDF7}.Release|Any CPU.Build.0 = Release|Any CPU
	EndGlobalSection
EndGlobal
